github.com/jecoz/vbr v0.0.6 h1:RxmZKGxshYdYAyrQuylIitnZLwDQEVzi959P0enIfSA=
github.com/tailscale/hujson v0.0.0-20190930033718-5098e564d9b3 h1:rdtXEo9yffOjh4vZQJw3heaY+ggXKp+zvMX5fihh6lI=
github.com/tailscale/hujson v0.0.0-20190930033718-5098e564d9b3/go.mod h1:STqf+YV0ADdzk4ejtXFsGqDpATP9JoL0OB+hiFQbkdE=
